
Microsoft Visual Studio Solution File, Format Version 12.00
# Visual Studio Version 16
VisualStudioVersion = 16.0.34729.46
MinimumVisualStudioVersion = 10.0.40219.1
Project("{FAE04EC0-301F-11D3-BF4B-00C04F79EFBC}") = "Guia8Consola", "Guia8Consola\Guia8Consola.csproj", "{CEE4B90D-B8FA-4101-A119-96349B972F32}"
EndProject
Global
	GlobalSection(SolutionConfigurationPlatforms) = preSolution
		Debug|Any CPU = Debug|Any CPU
		Release|Any CPU = Release|Any CPU
	EndGlobalSection
	GlobalSection(ProjectConfigurationPlatforms) = postSolution
		{CEE4B90D-B8FA-4101-A119-96349B972F32}.Debug|Any CPU.ActiveCfg = Debug|Any CPU
		{CEE4B90D-B8FA-4101-A119-96349B972F32}.Debug|Any CPU.Build.0 = Debug|Any CPU
		{CEE4B90D-B8FA-4101-A119-96349B972F32}.Release|Any CPU.ActiveCfg = Release|Any CPU
		{CEE4B90D-B8FA-4101-A119-96349B972F32}.Release|Any CPU.Build.0 = Release|Any CPU
	EndGlobalSection
	GlobalSection(SolutionProperties) = preSolution
		HideSolutionNode = FALSE
	EndGlobalSection
	GlobalSection(ExtensibilityGlobals) = postSolution
		SolutionGuid = {58D9F093-55F1-4238-A102-F4FC72AA3CF6}
	EndGlobalSection
EndGlobal
